
Microsoft Visual Studio Solution File, Format Version 12.00
# Visual Studio Version 16
VisualStudioVersion = 16.0.31424.327
MinimumVisualStudioVersion = 10.0.40219.1
Project("{FAE04EC0-301F-11D3-BF4B-00C04F79EFBC}") = "TrainApi", "TrainApi\TrainApi.csproj", "{9B7A0633-7DF7-401D-A65C-60C21365C22E}"
EndProject
Project("{FAE04EC0-301F-11D3-BF4B-00C04F79EFBC}") = "TrainWeb", "TrainWeb\TrainWeb.csproj", "{A137369E-A28C-48D1-AAB0-8F660F2E4C61}"
EndProject
Global
	GlobalSection(SolutionConfigurationPlatforms) = preSolution
		Debug|Any CPU = Debug|Any CPU
		Release|Any CPU = Release|Any CPU
	EndGlobalSection
	GlobalSection(ProjectConfigurationPlatforms) = postSolution
		{9B7A0633-7DF7-401D-A65C-60C21365C22E}.Debug|Any CPU.ActiveCfg = Debug|Any CPU
		{9B7A0633-7DF7-401D-A65C-60C21365C22E}.Debug|Any CPU.Build.0 = Debug|Any CPU
		{9B7A0633-7DF7-401D-A65C-60C21365C22E}.Release|Any CPU.ActiveCfg = Release|Any CPU
		{9B7A0633-7DF7-401D-A65C-60C21365C22E}.Release|Any CPU.Build.0 = Release|Any CPU
		{A137369E-A28C-48D1-AAB0-8F660F2E4C61}.Debug|Any CPU.ActiveCfg = Debug|Any CPU
		{A137369E-A28C-48D1-AAB0-8F660F2E4C61}.Debug|Any CPU.Build.0 = Debug|Any CPU
		{A137369E-A28C-48D1-AAB0-8F660F2E4C61}.Release|Any CPU.ActiveCfg = Release|Any CPU
		{A137369E-A28C-48D1-AAB0-8F660F2E4C61}.Release|Any CPU.Build.0 = Release|Any CPU
	EndGlobalSection
	GlobalSection(SolutionProperties) = preSolution
		HideSolutionNode = FALSE
	EndGlobalSection
	GlobalSection(ExtensibilityGlobals) = postSolution
		SolutionGuid = {E9A0A576-277C-4D62-BAEA-25190D02EAD5}
	EndGlobalSection
EndGlobal
